
Microsoft Visual Studio Solution File, Format Version 12.00
Project("{FAE04EC0-301F-11D3-BF4B-00C04F79EFBC}") = "object-pool_lazy", "object-pool_lazy\object-pool_lazy.csproj", "{EFB07F93-925E-4AB3-9355-F4B7C616D140}"
EndProject
Project("{FAE04EC0-301F-11D3-BF4B-00C04F79EFBC}") = "method_test", "abstract_method\method_test.csproj", "{A8188E01-45B4-4267-9295-A6DD3D57E618}"
EndProject
Project("{FAE04EC0-301F-11D3-BF4B-00C04F79EFBC}") = "afabric_game", "abstract_fabric\afabric_game.csproj", "{7ABA415F-EE52-4E82-A9C6-E8A6EAEC3E77}"
EndProject
Project("{FAE04EC0-301F-11D3-BF4B-00C04F79EFBC}") = "facade_bad", "facade_bad\facade_bad.csproj", "{C35624D0-4987-477B-9288-AB2B7B2F8343}"
EndProject
Project("{FAE04EC0-301F-11D3-BF4B-00C04F79EFBC}") = "facade_good", "facade_good\facade_good.csproj", "{26F78FE0-B3C0-4476-B43E-A5A96332CCD0}"
EndProject
Project("{FAE04EC0-301F-11D3-BF4B-00C04F79EFBC}") = "proxy", "proxy\proxy.csproj", "{A6BEC869-40D8-47B5-AB5A-81E1C6EB8FEE}"
EndProject
Global
	GlobalSection(SolutionConfigurationPlatforms) = preSolution
		Debug|Any CPU = Debug|Any CPU
		Release|Any CPU = Release|Any CPU
	EndGlobalSection
	GlobalSection(ProjectConfigurationPlatforms) = postSolution
		{EFB07F93-925E-4AB3-9355-F4B7C616D140}.Debug|Any CPU.ActiveCfg = Debug|Any CPU
		{EFB07F93-925E-4AB3-9355-F4B7C616D140}.Debug|Any CPU.Build.0 = Debug|Any CPU
		{EFB07F93-925E-4AB3-9355-F4B7C616D140}.Release|Any CPU.ActiveCfg = Release|Any CPU
		{EFB07F93-925E-4AB3-9355-F4B7C616D140}.Release|Any CPU.Build.0 = Release|Any CPU
		{A8188E01-45B4-4267-9295-A6DD3D57E618}.Debug|Any CPU.ActiveCfg = Debug|Any CPU
		{A8188E01-45B4-4267-9295-A6DD3D57E618}.Debug|Any CPU.Build.0 = Debug|Any CPU
		{A8188E01-45B4-4267-9295-A6DD3D57E618}.Release|Any CPU.ActiveCfg = Release|Any CPU
		{A8188E01-45B4-4267-9295-A6DD3D57E618}.Release|Any CPU.Build.0 = Release|Any CPU
		{7ABA415F-EE52-4E82-A9C6-E8A6EAEC3E77}.Debug|Any CPU.ActiveCfg = Debug|Any CPU
		{7ABA415F-EE52-4E82-A9C6-E8A6EAEC3E77}.Debug|Any CPU.Build.0 = Debug|Any CPU
		{7ABA415F-EE52-4E82-A9C6-E8A6EAEC3E77}.Release|Any CPU.ActiveCfg = Release|Any CPU
		{7ABA415F-EE52-4E82-A9C6-E8A6EAEC3E77}.Release|Any CPU.Build.0 = Release|Any CPU
		{C35624D0-4987-477B-9288-AB2B7B2F8343}.Debug|Any CPU.ActiveCfg = Debug|Any CPU
		{C35624D0-4987-477B-9288-AB2B7B2F8343}.Debug|Any CPU.Build.0 = Debug|Any CPU
		{C35624D0-4987-477B-9288-AB2B7B2F8343}.Release|Any CPU.ActiveCfg = Release|Any CPU
		{C35624D0-4987-477B-9288-AB2B7B2F8343}.Release|Any CPU.Build.0 = Release|Any CPU
		{26F78FE0-B3C0-4476-B43E-A5A96332CCD0}.Debug|Any CPU.ActiveCfg = Debug|Any CPU
		{26F78FE0-B3C0-4476-B43E-A5A96332CCD0}.Debug|Any CPU.Build.0 = Debug|Any CPU
		{26F78FE0-B3C0-4476-B43E-A5A96332CCD0}.Release|Any CPU.ActiveCfg = Release|Any CPU
		{26F78FE0-B3C0-4476-B43E-A5A96332CCD0}.Release|Any CPU.Build.0 = Release|Any CPU
		{A6BEC869-40D8-47B5-AB5A-81E1C6EB8FEE}.Debug|Any CPU.ActiveCfg = Debug|Any CPU
		{A6BEC869-40D8-47B5-AB5A-81E1C6EB8FEE}.Debug|Any CPU.Build.0 = Debug|Any CPU
		{A6BEC869-40D8-47B5-AB5A-81E1C6EB8FEE}.Release|Any CPU.ActiveCfg = Release|Any CPU
		{A6BEC869-40D8-47B5-AB5A-81E1C6EB8FEE}.Release|Any CPU.Build.0 = Release|Any CPU
	EndGlobalSection
EndGlobal
